
Microsoft Visual Studio Solution File, Format Version 12.00
# Visual Studio Version 16
VisualStudioVersion = 16.0.29503.13
MinimumVisualStudioVersion = 10.0.40219.1
Project("{FAE04EC0-301F-11D3-BF4B-00C04F79EFBC}") = "Proyecto", "Proyecto\Proyecto.csproj", "{50B958C9-891D-45FC-B2E6-2C0D3E224B32}"
EndProject
Global
	GlobalSection(SolutionConfigurationPlatforms) = preSolution
		Debug|Any CPU = Debug|Any CPU
		Release|Any CPU = Release|Any CPU
	EndGlobalSection
	GlobalSection(ProjectConfigurationPlatforms) = postSolution
		{50B958C9-891D-45FC-B2E6-2C0D3E224B32}.Debug|Any CPU.ActiveCfg = Debug|Any CPU
		{50B958C9-891D-45FC-B2E6-2C0D3E224B32}.Debug|Any CPU.Build.0 = Debug|Any CPU
		{50B958C9-891D-45FC-B2E6-2C0D3E224B32}.Release|Any CPU.ActiveCfg = Release|Any CPU
		{50B958C9-891D-45FC-B2E6-2C0D3E224B32}.Release|Any CPU.Build.0 = Release|Any CPU
	EndGlobalSection
	GlobalSection(SolutionProperties) = preSolution
		HideSolutionNode = FALSE
	EndGlobalSection
	GlobalSection(ExtensibilityGlobals) = postSolution
		SolutionGuid = {242136B1-7363-46B1-8FAE-E0B3D015AC19}
	EndGlobalSection
EndGlobal
